
Microsoft Visual Studio Solution File, Format Version 12.00
# Visual Studio Version 17
VisualStudioVersion = 17.3.32901.215
MinimumVisualStudioVersion = 10.0.40219.1
Project("{FAE04EC0-301F-11D3-BF4B-00C04F79EFBC}") = "FirstCourse", "FirstCourse\FirstCourse.csproj", "{13DEB3B3-B288-49A0-81BF-218C5091F9E5}"
EndProject
Global
	GlobalSection(SolutionConfigurationPlatforms) = preSolution
		Debug|Any CPU = Debug|Any CPU
		Release|Any CPU = Release|Any CPU
	EndGlobalSection
	GlobalSection(ProjectConfigurationPlatforms) = postSolution
		{13DEB3B3-B288-49A0-81BF-218C5091F9E5}.Debug|Any CPU.ActiveCfg = Debug|Any CPU
		{13DEB3B3-B288-49A0-81BF-218C5091F9E5}.Debug|Any CPU.Build.0 = Debug|Any CPU
		{13DEB3B3-B288-49A0-81BF-218C5091F9E5}.Release|Any CPU.ActiveCfg = Release|Any CPU
		{13DEB3B3-B288-49A0-81BF-218C5091F9E5}.Release|Any CPU.Build.0 = Release|Any CPU
	EndGlobalSection
	GlobalSection(SolutionProperties) = preSolution
		HideSolutionNode = FALSE
	EndGlobalSection
	GlobalSection(ExtensibilityGlobals) = postSolution
		SolutionGuid = {6B66BB2F-DC9D-4885-BD89-60374C6654F8}
	EndGlobalSection
EndGlobal
